
Microsoft Visual Studio Solution File, Format Version 12.00
# Visual Studio Version 16
VisualStudioVersion = 16.0.29102.190
MinimumVisualStudioVersion = 10.0.40219.1
Project("{FAE04EC0-301F-11D3-BF4B-00C04F79EFBC}") = "Wabbajack.Common", "Wabbajack.Common\Wabbajack.Common.csproj", "{B3F3FB6E-B9EB-4F49-9875-D78578BC7AE5}"
EndProject
Project("{FAE04EC0-301F-11D3-BF4B-00C04F79EFBC}") = "Wabbajack", "Wabbajack\Wabbajack.csproj", "{33602679-8484-40C7-A10C-774DFF5D8314}"
EndProject
Project("{FAE04EC0-301F-11D3-BF4B-00C04F79EFBC}") = "Compression.BSA", "Compression.BSA\Compression.BSA.csproj", "{FF5D892F-8FF4-44FC-8F7F-CD58F307AD1B}"
EndProject
Project("{2150E333-8FDC-42A3-9474-1A3956D46DE8}") = "Solution Items", "Solution Items", "{4EDEF6CC-2F5C-439B-BEAF-9D03895099F1}"
	ProjectSection(SolutionItems) = preProject
		CHANGELOG.md = CHANGELOG.md
		LICENSE.txt = LICENSE.txt
		NexusPage.html = NexusPage.html
		README.md = README.md
		RECIPES.md = RECIPES.md
	EndProjectSection
EndProject
Project("{FAE04EC0-301F-11D3-BF4B-00C04F79EFBC}") = "Wabbajack.Test", "Wabbajack.Test\Wabbajack.Test.csproj", "{A47FFF32-782B-4D9F-8704-C98FB32FA8CC}"
EndProject
Project("{FAE04EC0-301F-11D3-BF4B-00C04F79EFBC}") = "Wabbajack.Lib", "Wabbajack.Lib\Wabbajack.Lib.csproj", "{0A820830-A298-497D-85E0-E9A89EFEF5FE}"
EndProject
Project("{FAE04EC0-301F-11D3-BF4B-00C04F79EFBC}") = "Wabbajack.Test.ListValidation", "Wabbajack.Test.ListValidation\Wabbajack.Test.ListValidation.csproj", "{BA013D05-1D70-452F-BB8F-272B31E6C74E}"
EndProject
Project("{FAE04EC0-301F-11D3-BF4B-00C04F79EFBC}") = "Compression.BSA.Test", "Compression.BSA.Test\Compression.BSA.Test.csproj", "{9C004392-571A-4D28-A9F6-0E25115E6727}"
EndProject
Project("{FAE04EC0-301F-11D3-BF4B-00C04F79EFBC}") = "Wabbajack.Common.CSP", "Wabbajack.Common.CSP\Wabbajack.Common.CSP.csproj", "{9E69BC98-1512-4977-B683-6E7E5292C0B8}"
EndProject
Project("{FAE04EC0-301F-11D3-BF4B-00C04F79EFBC}") = "Wabbajack.VirtualFileSystem", "Wabbajack.VirtualFileSystem\Wabbajack.VirtualFileSystem.csproj", "{5D6A2EAF-6604-4C51-8AE2-A746B4BC5E3E}"
EndProject
Project("{FAE04EC0-301F-11D3-BF4B-00C04F79EFBC}") = "Wabbajack.VirtualFileSystem.Test", "Wabbajack.VirtualFileSystem.Test\Wabbajack.VirtualFileSystem.Test.csproj", "{51CEB604-985A-45B9-AF0D-C5BA8CFA1BF0}"
EndProject
Global
	GlobalSection(SolutionConfigurationPlatforms) = preSolution
		Debug (no commandargs)|Any CPU = Debug (no commandargs)|Any CPU
		Debug (no commandargs)|x64 = Debug (no commandargs)|x64
		Debug (no commandargs)|x86 = Debug (no commandargs)|x86
		Debug|Any CPU = Debug|Any CPU
		Debug|x64 = Debug|x64
		Debug|x86 = Debug|x86
		Release|Any CPU = Release|Any CPU
		Release|x64 = Release|x64
		Release|x86 = Release|x86
	EndGlobalSection
	GlobalSection(ProjectConfigurationPlatforms) = postSolution
		{B3F3FB6E-B9EB-4F49-9875-D78578BC7AE5}.Debug (no commandargs)|Any CPU.ActiveCfg = Debug|Any CPU
		{B3F3FB6E-B9EB-4F49-9875-D78578BC7AE5}.Debug (no commandargs)|Any CPU.Build.0 = Debug|Any CPU
		{B3F3FB6E-B9EB-4F49-9875-D78578BC7AE5}.Debug (no commandargs)|x64.ActiveCfg = Debug|x64
		{B3F3FB6E-B9EB-4F49-9875-D78578BC7AE5}.Debug (no commandargs)|x64.Build.0 = Debug|x64
		{B3F3FB6E-B9EB-4F49-9875-D78578BC7AE5}.Debug (no commandargs)|x86.ActiveCfg = Debug|x86
		{B3F3FB6E-B9EB-4F49-9875-D78578BC7AE5}.Debug (no commandargs)|x86.Build.0 = Debug|x86
		{B3F3FB6E-B9EB-4F49-9875-D78578BC7AE5}.Debug|Any CPU.ActiveCfg = Debug|Any CPU
		{B3F3FB6E-B9EB-4F49-9875-D78578BC7AE5}.Debug|Any CPU.Build.0 = Debug|Any CPU
		{B3F3FB6E-B9EB-4F49-9875-D78578BC7AE5}.Debug|x64.ActiveCfg = Debug|x64
		{B3F3FB6E-B9EB-4F49-9875-D78578BC7AE5}.Debug|x64.Build.0 = Debug|x64
		{B3F3FB6E-B9EB-4F49-9875-D78578BC7AE5}.Debug|x86.ActiveCfg = Debug|x86
		{B3F3FB6E-B9EB-4F49-9875-D78578BC7AE5}.Debug|x86.Build.0 = Debug|x86
		{B3F3FB6E-B9EB-4F49-9875-D78578BC7AE5}.Release|Any CPU.ActiveCfg = Release|Any CPU
		{B3F3FB6E-B9EB-4F49-9875-D78578BC7AE5}.Release|Any CPU.Build.0 = Release|Any CPU
		{B3F3FB6E-B9EB-4F49-9875-D78578BC7AE5}.Release|x64.ActiveCfg = Release|x64
		{B3F3FB6E-B9EB-4F49-9875-D78578BC7AE5}.Release|x64.Build.0 = Release|x64
		{B3F3FB6E-B9EB-4F49-9875-D78578BC7AE5}.Release|x86.ActiveCfg = Release|x86
		{B3F3FB6E-B9EB-4F49-9875-D78578BC7AE5}.Release|x86.Build.0 = Release|x86
		{33602679-8484-40C7-A10C-774DFF5D8314}.Debug (no commandargs)|Any CPU.ActiveCfg = Debug (no commandargs)|Any CPU
		{33602679-8484-40C7-A10C-774DFF5D8314}.Debug (no commandargs)|Any CPU.Build.0 = Debug (no commandargs)|Any CPU
		{33602679-8484-40C7-A10C-774DFF5D8314}.Debug (no commandargs)|x64.ActiveCfg = Debug (no commandargs)|x64
		{33602679-8484-40C7-A10C-774DFF5D8314}.Debug (no commandargs)|x64.Build.0 = Debug (no commandargs)|x64
		{33602679-8484-40C7-A10C-774DFF5D8314}.Debug (no commandargs)|x86.ActiveCfg = Debug (no commandargs)|x86
		{33602679-8484-40C7-A10C-774DFF5D8314}.Debug (no commandargs)|x86.Build.0 = Debug (no commandargs)|x86
		{33602679-8484-40C7-A10C-774DFF5D8314}.Debug|Any CPU.ActiveCfg = Debug|Any CPU
		{33602679-8484-40C7-A10C-774DFF5D8314}.Debug|Any CPU.Build.0 = Debug|Any CPU
		{33602679-8484-40C7-A10C-774DFF5D8314}.Debug|x64.ActiveCfg = Debug|x64
		{33602679-8484-40C7-A10C-774DFF5D8314}.Debug|x64.Build.0 = Debug|x64
		{33602679-8484-40C7-A10C-774DFF5D8314}.Debug|x86.ActiveCfg = Debug|x86
		{33602679-8484-40C7-A10C-774DFF5D8314}.Debug|x86.Build.0 = Debug|x86
		{33602679-8484-40C7-A10C-774DFF5D8314}.Release|Any CPU.ActiveCfg = Release|Any CPU
		{33602679-8484-40C7-A10C-774DFF5D8314}.Release|Any CPU.Build.0 = Release|Any CPU
		{33602679-8484-40C7-A10C-774DFF5D8314}.Release|x64.ActiveCfg = Release|x64
		{33602679-8484-40C7-A10C-774DFF5D8314}.Release|x64.Build.0 = Release|x64
		{33602679-8484-40C7-A10C-774DFF5D8314}.Release|x86.ActiveCfg = Release|x86
		{33602679-8484-40C7-A10C-774DFF5D8314}.Release|x86.Build.0 = Release|x86
		{FF5D892F-8FF4-44FC-8F7F-CD58F307AD1B}.Debug (no commandargs)|Any CPU.ActiveCfg = Debug|Any CPU
		{FF5D892F-8FF4-44FC-8F7F-CD58F307AD1B}.Debug (no commandargs)|Any CPU.Build.0 = Debug|Any CPU
		{FF5D892F-8FF4-44FC-8F7F-CD58F307AD1B}.Debug (no commandargs)|x64.ActiveCfg = Debug|x64
		{FF5D892F-8FF4-44FC-8F7F-CD58F307AD1B}.Debug (no commandargs)|x64.Build.0 = Debug|x64
		{FF5D892F-8FF4-44FC-8F7F-CD58F307AD1B}.Debug (no commandargs)|x86.ActiveCfg = Debug|x86
		{FF5D892F-8FF4-44FC-8F7F-CD58F307AD1B}.Debug (no commandargs)|x86.Build.0 = Debug|x86
		{FF5D892F-8FF4-44FC-8F7F-CD58F307AD1B}.Debug|Any CPU.ActiveCfg = Debug|Any CPU
		{FF5D892F-8FF4-44FC-8F7F-CD58F307AD1B}.Debug|Any CPU.Build.0 = Debug|Any CPU
		{FF5D892F-8FF4-44FC-8F7F-CD58F307AD1B}.Debug|x64.ActiveCfg = Debug|x64
		{FF5D892F-8FF4-44FC-8F7F-CD58F307AD1B}.Debug|x64.Build.0 = Debug|x64
		{FF5D892F-8FF4-44FC-8F7F-CD58F307AD1B}.Debug|x86.ActiveCfg = Debug|x86
		{FF5D892F-8FF4-44FC-8F7F-CD58F307AD1B}.Debug|x86.Build.0 = Debug|x86
		{FF5D892F-8FF4-44FC-8F7F-CD58F307AD1B}.Release|Any CPU.ActiveCfg = Release|Any CPU
		{FF5D892F-8FF4-44FC-8F7F-CD58F307AD1B}.Release|Any CPU.Build.0 = Release|Any CPU
		{FF5D892F-8FF4-44FC-8F7F-CD58F307AD1B}.Release|x64.ActiveCfg = Release|x64
		{FF5D892F-8FF4-44FC-8F7F-CD58F307AD1B}.Release|x64.Build.0 = Release|x64
		{FF5D892F-8FF4-44FC-8F7F-CD58F307AD1B}.Release|x86.ActiveCfg = Release|x86
		{FF5D892F-8FF4-44FC-8F7F-CD58F307AD1B}.Release|x86.Build.0 = Release|x86
		{A47FFF32-782B-4D9F-8704-C98FB32FA8CC}.Debug (no commandargs)|Any CPU.ActiveCfg = Debug|Any CPU
		{A47FFF32-782B-4D9F-8704-C98FB32FA8CC}.Debug (no commandargs)|Any CPU.Build.0 = Debug|Any CPU
		{A47FFF32-782B-4D9F-8704-C98FB32FA8CC}.Debug (no commandargs)|x64.ActiveCfg = Debug|x64
		{A47FFF32-782B-4D9F-8704-C98FB32FA8CC}.Debug (no commandargs)|x64.Build.0 = Debug|x64
		{A47FFF32-782B-4D9F-8704-C98FB32FA8CC}.Debug (no commandargs)|x86.ActiveCfg = Debug|x86
		{A47FFF32-782B-4D9F-8704-C98FB32FA8CC}.Debug (no commandargs)|x86.Build.0 = Debug|x86
		{A47FFF32-782B-4D9F-8704-C98FB32FA8CC}.Debug|Any CPU.ActiveCfg = Debug|Any CPU
		{A47FFF32-782B-4D9F-8704-C98FB32FA8CC}.Debug|Any CPU.Build.0 = Debug|Any CPU
		{A47FFF32-782B-4D9F-8704-C98FB32FA8CC}.Debug|x64.ActiveCfg = Debug|x64
		{A47FFF32-782B-4D9F-8704-C98FB32FA8CC}.Debug|x64.Build.0 = Debug|x64
		{A47FFF32-782B-4D9F-8704-C98FB32FA8CC}.Debug|x86.ActiveCfg = Debug|x86
		{A47FFF32-782B-4D9F-8704-C98FB32FA8CC}.Debug|x86.Build.0 = Debug|x86
		{A47FFF32-782B-4D9F-8704-C98FB32FA8CC}.Release|Any CPU.ActiveCfg = Release|Any CPU
		{A47FFF32-782B-4D9F-8704-C98FB32FA8CC}.Release|Any CPU.Build.0 = Release|Any CPU
		{A47FFF32-782B-4D9F-8704-C98FB32FA8CC}.Release|x64.ActiveCfg = Release|Any CPU
		{A47FFF32-782B-4D9F-8704-C98FB32FA8CC}.Release|x64.Build.0 = Release|Any CPU
		{A47FFF32-782B-4D9F-8704-C98FB32FA8CC}.Release|x86.ActiveCfg = Release|x86
		{A47FFF32-782B-4D9F-8704-C98FB32FA8CC}.Release|x86.Build.0 = Release|x86
		{0A820830-A298-497D-85E0-E9A89EFEF5FE}.Debug (no commandargs)|Any CPU.ActiveCfg = Debug|Any CPU
		{0A820830-A298-497D-85E0-E9A89EFEF5FE}.Debug (no commandargs)|Any CPU.Build.0 = Debug|Any CPU
		{0A820830-A298-497D-85E0-E9A89EFEF5FE}.Debug (no commandargs)|x64.ActiveCfg = Debug|x64
		{0A820830-A298-497D-85E0-E9A89EFEF5FE}.Debug (no commandargs)|x64.Build.0 = Debug|x64
		{0A820830-A298-497D-85E0-E9A89EFEF5FE}.Debug (no commandargs)|x86.ActiveCfg = Debug|Any CPU
		{0A820830-A298-497D-85E0-E9A89EFEF5FE}.Debug (no commandargs)|x86.Build.0 = Debug|Any CPU
		{0A820830-A298-497D-85E0-E9A89EFEF5FE}.Debug|Any CPU.ActiveCfg = Debug|Any CPU
		{0A820830-A298-497D-85E0-E9A89EFEF5FE}.Debug|Any CPU.Build.0 = Debug|Any CPU
		{0A820830-A298-497D-85E0-E9A89EFEF5FE}.Debug|x64.ActiveCfg = Debug|x64
		{0A820830-A298-497D-85E0-E9A89EFEF5FE}.Debug|x64.Build.0 = Debug|x64
		{0A820830-A298-497D-85E0-E9A89EFEF5FE}.Debug|x86.ActiveCfg = Debug|Any CPU
		{0A820830-A298-497D-85E0-E9A89EFEF5FE}.Debug|x86.Build.0 = Debug|Any CPU
		{0A820830-A298-497D-85E0-E9A89EFEF5FE}.Release|Any CPU.ActiveCfg = Release|Any CPU
		{0A820830-A298-497D-85E0-E9A89EFEF5FE}.Release|Any CPU.Build.0 = Release|Any CPU
		{0A820830-A298-497D-85E0-E9A89EFEF5FE}.Release|x64.ActiveCfg = Release|Any CPU
		{0A820830-A298-497D-85E0-E9A89EFEF5FE}.Release|x64.Build.0 = Release|Any CPU
		{0A820830-A298-497D-85E0-E9A89EFEF5FE}.Release|x86.ActiveCfg = Release|Any CPU
		{0A820830-A298-497D-85E0-E9A89EFEF5FE}.Release|x86.Build.0 = Release|Any CPU
		{BA013D05-1D70-452F-BB8F-272B31E6C74E}.Debug (no commandargs)|Any CPU.ActiveCfg = Debug|Any CPU
		{BA013D05-1D70-452F-BB8F-272B31E6C74E}.Debug (no commandargs)|Any CPU.Build.0 = Debug|Any CPU
		{BA013D05-1D70-452F-BB8F-272B31E6C74E}.Debug (no commandargs)|x64.ActiveCfg = Debug|x64
		{BA013D05-1D70-452F-BB8F-272B31E6C74E}.Debug (no commandargs)|x64.Build.0 = Debug|x64
		{BA013D05-1D70-452F-BB8F-272B31E6C74E}.Debug (no commandargs)|x86.ActiveCfg = Debug|Any CPU
		{BA013D05-1D70-452F-BB8F-272B31E6C74E}.Debug (no commandargs)|x86.Build.0 = Debug|Any CPU
		{BA013D05-1D70-452F-BB8F-272B31E6C74E}.Debug|Any CPU.ActiveCfg = Debug|Any CPU
		{BA013D05-1D70-452F-BB8F-272B31E6C74E}.Debug|Any CPU.Build.0 = Debug|Any CPU
		{BA013D05-1D70-452F-BB8F-272B31E6C74E}.Debug|x64.ActiveCfg = Debug|x64
		{BA013D05-1D70-452F-BB8F-272B31E6C74E}.Debug|x64.Build.0 = Debug|x64
		{BA013D05-1D70-452F-BB8F-272B31E6C74E}.Debug|x86.ActiveCfg = Debug|Any CPU
		{BA013D05-1D70-452F-BB8F-272B31E6C74E}.Debug|x86.Build.0 = Debug|Any CPU
		{BA013D05-1D70-452F-BB8F-272B31E6C74E}.Release|Any CPU.ActiveCfg = Release|Any CPU
		{BA013D05-1D70-452F-BB8F-272B31E6C74E}.Release|Any CPU.Build.0 = Release|Any CPU
		{BA013D05-1D70-452F-BB8F-272B31E6C74E}.Release|x64.ActiveCfg = Release|Any CPU
		{BA013D05-1D70-452F-BB8F-272B31E6C74E}.Release|x64.Build.0 = Release|Any CPU
		{BA013D05-1D70-452F-BB8F-272B31E6C74E}.Release|x86.ActiveCfg = Release|Any CPU
		{BA013D05-1D70-452F-BB8F-272B31E6C74E}.Release|x86.Build.0 = Release|Any CPU
		{9C004392-571A-4D28-A9F6-0E25115E6727}.Debug (no commandargs)|Any CPU.ActiveCfg = Debug|Any CPU
		{9C004392-571A-4D28-A9F6-0E25115E6727}.Debug (no commandargs)|Any CPU.Build.0 = Debug|Any CPU
		{9C004392-571A-4D28-A9F6-0E25115E6727}.Debug (no commandargs)|x64.ActiveCfg = Debug|Any CPU
		{9C004392-571A-4D28-A9F6-0E25115E6727}.Debug (no commandargs)|x64.Build.0 = Debug|Any CPU
		{9C004392-571A-4D28-A9F6-0E25115E6727}.Debug (no commandargs)|x86.ActiveCfg = Debug|Any CPU
		{9C004392-571A-4D28-A9F6-0E25115E6727}.Debug (no commandargs)|x86.Build.0 = Debug|Any CPU
		{9C004392-571A-4D28-A9F6-0E25115E6727}.Debug|Any CPU.ActiveCfg = Debug|Any CPU
		{9C004392-571A-4D28-A9F6-0E25115E6727}.Debug|Any CPU.Build.0 = Debug|Any CPU
		{9C004392-571A-4D28-A9F6-0E25115E6727}.Debug|x64.ActiveCfg = Debug|x64
		{9C004392-571A-4D28-A9F6-0E25115E6727}.Debug|x64.Build.0 = Debug|x64
		{9C004392-571A-4D28-A9F6-0E25115E6727}.Debug|x86.ActiveCfg = Debug|Any CPU
		{9C004392-571A-4D28-A9F6-0E25115E6727}.Debug|x86.Build.0 = Debug|Any CPU
		{9C004392-571A-4D28-A9F6-0E25115E6727}.Release|Any CPU.ActiveCfg = Release|Any CPU
		{9C004392-571A-4D28-A9F6-0E25115E6727}.Release|Any CPU.Build.0 = Release|Any CPU
		{9C004392-571A-4D28-A9F6-0E25115E6727}.Release|x64.ActiveCfg = Release|Any CPU
		{9C004392-571A-4D28-A9F6-0E25115E6727}.Release|x64.Build.0 = Release|Any CPU
		{9C004392-571A-4D28-A9F6-0E25115E6727}.Release|x86.ActiveCfg = Release|Any CPU
		{9C004392-571A-4D28-A9F6-0E25115E6727}.Release|x86.Build.0 = Release|Any CPU
		{9E69BC98-1512-4977-B683-6E7E5292C0B8}.Debug (no commandargs)|Any CPU.ActiveCfg = Debug|Any CPU
		{9E69BC98-1512-4977-B683-6E7E5292C0B8}.Debug (no commandargs)|Any CPU.Build.0 = Debug|Any CPU
		{9E69BC98-1512-4977-B683-6E7E5292C0B8}.Debug (no commandargs)|x64.ActiveCfg = Debug|Any CPU
		{9E69BC98-1512-4977-B683-6E7E5292C0B8}.Debug (no commandargs)|x64.Build.0 = Debug|Any CPU
		{9E69BC98-1512-4977-B683-6E7E5292C0B8}.Debug (no commandargs)|x86.ActiveCfg = Debug|Any CPU
		{9E69BC98-1512-4977-B683-6E7E5292C0B8}.Debug (no commandargs)|x86.Build.0 = Debug|Any CPU
		{9E69BC98-1512-4977-B683-6E7E5292C0B8}.Debug|Any CPU.ActiveCfg = Debug|Any CPU
		{9E69BC98-1512-4977-B683-6E7E5292C0B8}.Debug|Any CPU.Build.0 = Debug|Any CPU
		{9E69BC98-1512-4977-B683-6E7E5292C0B8}.Debug|x64.ActiveCfg = Debug|x64
		{9E69BC98-1512-4977-B683-6E7E5292C0B8}.Debug|x64.Build.0 = Debug|x64
		{9E69BC98-1512-4977-B683-6E7E5292C0B8}.Debug|x86.ActiveCfg = Debug|Any CPU
		{9E69BC98-1512-4977-B683-6E7E5292C0B8}.Debug|x86.Build.0 = Debug|Any CPU
		{9E69BC98-1512-4977-B683-6E7E5292C0B8}.Release|Any CPU.ActiveCfg = Release|Any CPU
		{9E69BC98-1512-4977-B683-6E7E5292C0B8}.Release|Any CPU.Build.0 = Release|Any CPU
		{9E69BC98-1512-4977-B683-6E7E5292C0B8}.Release|x64.ActiveCfg = Release|Any CPU
		{9E69BC98-1512-4977-B683-6E7E5292C0B8}.Release|x64.Build.0 = Release|Any CPU
		{9E69BC98-1512-4977-B683-6E7E5292C0B8}.Release|x86.ActiveCfg = Release|Any CPU
		{9E69BC98-1512-4977-B683-6E7E5292C0B8}.Release|x86.Build.0 = Release|Any CPU
		{5D6A2EAF-6604-4C51-8AE2-A746B4BC5E3E}.Debug (no commandargs)|Any CPU.ActiveCfg = Debug|Any CPU
		{5D6A2EAF-6604-4C51-8AE2-A746B4BC5E3E}.Debug (no commandargs)|Any CPU.Build.0 = Debug|Any CPU
		{5D6A2EAF-6604-4C51-8AE2-A746B4BC5E3E}.Debug (no commandargs)|x64.ActiveCfg = Debug|Any CPU
		{5D6A2EAF-6604-4C51-8AE2-A746B4BC5E3E}.Debug (no commandargs)|x64.Build.0 = Debug|Any CPU
		{5D6A2EAF-6604-4C51-8AE2-A746B4BC5E3E}.Debug (no commandargs)|x86.ActiveCfg = Debug|Any CPU
		{5D6A2EAF-6604-4C51-8AE2-A746B4BC5E3E}.Debug (no commandargs)|x86.Build.0 = Debug|Any CPU
		{5D6A2EAF-6604-4C51-8AE2-A746B4BC5E3E}.Debug|Any CPU.ActiveCfg = Debug|Any CPU
		{5D6A2EAF-6604-4C51-8AE2-A746B4BC5E3E}.Debug|Any CPU.Build.0 = Debug|Any CPU
		{5D6A2EAF-6604-4C51-8AE2-A746B4BC5E3E}.Debug|x64.ActiveCfg = Debug|x64
		{5D6A2EAF-6604-4C51-8AE2-A746B4BC5E3E}.Debug|x64.Build.0 = Debug|x64
		{5D6A2EAF-6604-4C51-8AE2-A746B4BC5E3E}.Debug|x86.ActiveCfg = Debug|Any CPU
		{5D6A2EAF-6604-4C51-8AE2-A746B4BC5E3E}.Debug|x86.Build.0 = Debug|Any CPU
		{5D6A2EAF-6604-4C51-8AE2-A746B4BC5E3E}.Release|Any CPU.ActiveCfg = Release|Any CPU
		{5D6A2EAF-6604-4C51-8AE2-A746B4BC5E3E}.Release|Any CPU.Build.0 = Release|Any CPU
		{5D6A2EAF-6604-4C51-8AE2-A746B4BC5E3E}.Release|x64.ActiveCfg = Release|Any CPU
		{5D6A2EAF-6604-4C51-8AE2-A746B4BC5E3E}.Release|x64.Build.0 = Release|Any CPU
		{5D6A2EAF-6604-4C51-8AE2-A746B4BC5E3E}.Release|x86.ActiveCfg = Release|Any CPU
		{5D6A2EAF-6604-4C51-8AE2-A746B4BC5E3E}.Release|x86.Build.0 = Release|Any CPU
		{51CEB604-985A-45B9-AF0D-C5BA8CFA1BF0}.Debug (no commandargs)|Any CPU.ActiveCfg = Debug|Any CPU
		{51CEB604-985A-45B9-AF0D-C5BA8CFA1BF0}.Debug (no commandargs)|Any CPU.Build.0 = Debug|Any CPU
		{51CEB604-985A-45B9-AF0D-C5BA8CFA1BF0}.Debug (no commandargs)|x64.ActiveCfg = Debug|Any CPU
		{51CEB604-985A-45B9-AF0D-C5BA8CFA1BF0}.Debug (no commandargs)|x64.Build.0 = Debug|Any CPU
		{51CEB604-985A-45B9-AF0D-C5BA8CFA1BF0}.Debug (no commandargs)|x86.ActiveCfg = Debug|Any CPU
		{51CEB604-985A-45B9-AF0D-C5BA8CFA1BF0}.Debug (no commandargs)|x86.Build.0 = Debug|Any CPU
		{51CEB604-985A-45B9-AF0D-C5BA8CFA1BF0}.Debug|Any CPU.ActiveCfg = Debug|Any CPU
		{51CEB604-985A-45B9-AF0D-C5BA8CFA1BF0}.Debug|Any CPU.Build.0 = Debug|Any CPU
		{51CEB604-985A-45B9-AF0D-C5BA8CFA1BF0}.Debug|x64.ActiveCfg = Debug|x64
		{51CEB604-985A-45B9-AF0D-C5BA8CFA1BF0}.Debug|x64.Build.0 = Debug|x64
		{51CEB604-985A-45B9-AF0D-C5BA8CFA1BF0}.Debug|x86.ActiveCfg = Debug|Any CPU
		{51CEB604-985A-45B9-AF0D-C5BA8CFA1BF0}.Debug|x86.Build.0 = Debug|Any CPU
		{51CEB604-985A-45B9-AF0D-C5BA8CFA1BF0}.Release|Any CPU.ActiveCfg = Release|Any CPU
		{51CEB604-985A-45B9-AF0D-C5BA8CFA1BF0}.Release|Any CPU.Build.0 = Release|Any CPU
		{51CEB604-985A-45B9-AF0D-C5BA8CFA1BF0}.Release|x64.ActiveCfg = Release|Any CPU
		{51CEB604-985A-45B9-AF0D-C5BA8CFA1BF0}.Release|x64.Build.0 = Release|Any CPU
		{51CEB604-985A-45B9-AF0D-C5BA8CFA1BF0}.Release|x86.ActiveCfg = Release|Any CPU
		{51CEB604-985A-45B9-AF0D-C5BA8CFA1BF0}.Release|x86.Build.0 = Release|Any CPU
	EndGlobalSection
	GlobalSection(SolutionProperties) = preSolution
		HideSolutionNode = FALSE
	EndGlobalSection
	GlobalSection(ExtensibilityGlobals) = postSolution
		SolutionGuid = {5CF408D5-8BF2-40C2-907C-694DBACFF01B}
	EndGlobalSection
EndGlobal
