
Microsoft Visual Studio Solution File, Format Version 12.00
# Visual Studio Version 16
VisualStudioVersion = 16.0.29102.190
MinimumVisualStudioVersion = 10.0.40219.1
Project("{FAE04EC0-301F-11D3-BF4B-00C04F79EFBC}") = "Wabbajack.Common", "Wabbajack.Common\Wabbajack.Common.csproj", "{B3F3FB6E-B9EB-4F49-9875-D78578BC7AE5}"
EndProject
Project("{FAE04EC0-301F-11D3-BF4B-00C04F79EFBC}") = "Wabbajack", "Wabbajack\Wabbajack.csproj", "{33602679-8484-40C7-A10C-774DFF5D8314}"
EndProject
Project("{FAE04EC0-301F-11D3-BF4B-00C04F79EFBC}") = "Compression.BSA", "Compression.BSA\Compression.BSA.csproj", "{FF5D892F-8FF4-44FC-8F7F-CD58F307AD1B}"
EndProject
Project("{FAE04EC0-301F-11D3-BF4B-00C04F79EFBC}") = "Compression.BSA.Test", "Compression.BSA.Test\Compression.BSA.Test.csproj", "{BA2CFEA1-072B-42D6-822A-8C6D0E3AE5D9}"
EndProject
Project("{2150E333-8FDC-42A3-9474-1A3956D46DE8}") = "Solution Items", "Solution Items", "{4EDEF6CC-2F5C-439B-BEAF-9D03895099F1}"
	ProjectSection(SolutionItems) = preProject
		CHANGELOG.md = CHANGELOG.md
		LICENSE.txt = LICENSE.txt
		README.md = README.md
		RECIPES.md = RECIPES.md
	EndProjectSection
EndProject
Project("{FAE04EC0-301F-11D3-BF4B-00C04F79EFBC}") = "VirtualFileSystem", "VirtualFileSystem\VirtualFileSystem.csproj", "{5128B489-BC28-4F66-9F0B-B4565AF36CBC}"
EndProject
Project("{FAE04EC0-301F-11D3-BF4B-00C04F79EFBC}") = "VirtualFileSystem.Test", "VirtualFileSystem.Test\VirtualFileSystem.Test.csproj", "{A2913DFE-18FF-468B-A6C1-55F7C0CC0CE8}"
EndProject
Project("{FAE04EC0-301F-11D3-BF4B-00C04F79EFBC}") = "Wabbajack.WebAutomation", "Wabbajack.WebAutomation\Wabbajack.WebAutomation.csproj", "{E5A6F0E6-F79E-460D-82E2-E6330ACE06BA}"
EndProject
Project("{FAE04EC0-301F-11D3-BF4B-00C04F79EFBC}") = "Wabbajack.WebAutomation.Test", "Wabbajack.WebAutomation.Test\Wabbajack.WebAutomation.Test.csproj", "{73D0B663-A6FB-4A67-B945-EBB4A234C996}"
EndProject
Project("{FAE04EC0-301F-11D3-BF4B-00C04F79EFBC}") = "Wabbajack.Test", "Wabbajack.Test\Wabbajack.Test.csproj", "{A47FFF32-782B-4D9F-8704-C98FB32FA8CC}"
EndProject
Project("{FAE04EC0-301F-11D3-BF4B-00C04F79EFBC}") = "OMODExtractorDLL", "OMOD-Extractor\OMODExtractorDLL\OMODExtractorDLL.csproj", "{EB003D18-DFFB-49C7-B054-FB375345AE26}"
EndProject
Global
	GlobalSection(SolutionConfigurationPlatforms) = preSolution
		Debug (no commandargs)|Any CPU = Debug (no commandargs)|Any CPU
		Debug (no commandargs)|x64 = Debug (no commandargs)|x64
		Debug|Any CPU = Debug|Any CPU
		Debug|x64 = Debug|x64
		Release|Any CPU = Release|Any CPU
		Release|x64 = Release|x64
	EndGlobalSection
	GlobalSection(ProjectConfigurationPlatforms) = postSolution
		{B3F3FB6E-B9EB-4F49-9875-D78578BC7AE5}.Debug (no commandargs)|Any CPU.ActiveCfg = Debug|Any CPU
		{B3F3FB6E-B9EB-4F49-9875-D78578BC7AE5}.Debug (no commandargs)|Any CPU.Build.0 = Debug|Any CPU
		{B3F3FB6E-B9EB-4F49-9875-D78578BC7AE5}.Debug (no commandargs)|x64.ActiveCfg = Debug|x64
		{B3F3FB6E-B9EB-4F49-9875-D78578BC7AE5}.Debug (no commandargs)|x64.Build.0 = Debug|x64
		{B3F3FB6E-B9EB-4F49-9875-D78578BC7AE5}.Debug|Any CPU.ActiveCfg = Debug|Any CPU
		{B3F3FB6E-B9EB-4F49-9875-D78578BC7AE5}.Debug|Any CPU.Build.0 = Debug|Any CPU
		{B3F3FB6E-B9EB-4F49-9875-D78578BC7AE5}.Debug|x64.ActiveCfg = Debug|x64
		{B3F3FB6E-B9EB-4F49-9875-D78578BC7AE5}.Debug|x64.Build.0 = Debug|x64
		{B3F3FB6E-B9EB-4F49-9875-D78578BC7AE5}.Release|Any CPU.ActiveCfg = Release|Any CPU
		{B3F3FB6E-B9EB-4F49-9875-D78578BC7AE5}.Release|Any CPU.Build.0 = Release|Any CPU
		{B3F3FB6E-B9EB-4F49-9875-D78578BC7AE5}.Release|x64.ActiveCfg = Release|x64
		{B3F3FB6E-B9EB-4F49-9875-D78578BC7AE5}.Release|x64.Build.0 = Release|x64
		{33602679-8484-40C7-A10C-774DFF5D8314}.Debug (no commandargs)|Any CPU.ActiveCfg = Debug (no commandargs)|Any CPU
		{33602679-8484-40C7-A10C-774DFF5D8314}.Debug (no commandargs)|Any CPU.Build.0 = Debug (no commandargs)|Any CPU
		{33602679-8484-40C7-A10C-774DFF5D8314}.Debug (no commandargs)|x64.ActiveCfg = Debug (no commandargs)|x64
		{33602679-8484-40C7-A10C-774DFF5D8314}.Debug (no commandargs)|x64.Build.0 = Debug (no commandargs)|x64
		{33602679-8484-40C7-A10C-774DFF5D8314}.Debug|Any CPU.ActiveCfg = Debug|Any CPU
		{33602679-8484-40C7-A10C-774DFF5D8314}.Debug|Any CPU.Build.0 = Debug|Any CPU
		{33602679-8484-40C7-A10C-774DFF5D8314}.Debug|x64.ActiveCfg = Debug|x64
		{33602679-8484-40C7-A10C-774DFF5D8314}.Debug|x64.Build.0 = Debug|x64
		{33602679-8484-40C7-A10C-774DFF5D8314}.Release|Any CPU.ActiveCfg = Release|Any CPU
		{33602679-8484-40C7-A10C-774DFF5D8314}.Release|Any CPU.Build.0 = Release|Any CPU
		{33602679-8484-40C7-A10C-774DFF5D8314}.Release|x64.ActiveCfg = Release|x64
		{33602679-8484-40C7-A10C-774DFF5D8314}.Release|x64.Build.0 = Release|x64
		{FF5D892F-8FF4-44FC-8F7F-CD58F307AD1B}.Debug (no commandargs)|Any CPU.ActiveCfg = Debug|Any CPU
		{FF5D892F-8FF4-44FC-8F7F-CD58F307AD1B}.Debug (no commandargs)|Any CPU.Build.0 = Debug|Any CPU
		{FF5D892F-8FF4-44FC-8F7F-CD58F307AD1B}.Debug (no commandargs)|x64.ActiveCfg = Debug|x64
		{FF5D892F-8FF4-44FC-8F7F-CD58F307AD1B}.Debug (no commandargs)|x64.Build.0 = Debug|x64
		{FF5D892F-8FF4-44FC-8F7F-CD58F307AD1B}.Debug|Any CPU.ActiveCfg = Debug|Any CPU
		{FF5D892F-8FF4-44FC-8F7F-CD58F307AD1B}.Debug|Any CPU.Build.0 = Debug|Any CPU
		{FF5D892F-8FF4-44FC-8F7F-CD58F307AD1B}.Debug|x64.ActiveCfg = Debug|x64
		{FF5D892F-8FF4-44FC-8F7F-CD58F307AD1B}.Debug|x64.Build.0 = Debug|x64
		{FF5D892F-8FF4-44FC-8F7F-CD58F307AD1B}.Release|Any CPU.ActiveCfg = Release|Any CPU
		{FF5D892F-8FF4-44FC-8F7F-CD58F307AD1B}.Release|Any CPU.Build.0 = Release|Any CPU
		{FF5D892F-8FF4-44FC-8F7F-CD58F307AD1B}.Release|x64.ActiveCfg = Release|x64
		{FF5D892F-8FF4-44FC-8F7F-CD58F307AD1B}.Release|x64.Build.0 = Release|x64
		{BA2CFEA1-072B-42D6-822A-8C6D0E3AE5D9}.Debug (no commandargs)|Any CPU.ActiveCfg = Debug|Any CPU
		{BA2CFEA1-072B-42D6-822A-8C6D0E3AE5D9}.Debug (no commandargs)|Any CPU.Build.0 = Debug|Any CPU
		{BA2CFEA1-072B-42D6-822A-8C6D0E3AE5D9}.Debug (no commandargs)|x64.ActiveCfg = Debug|x64
		{BA2CFEA1-072B-42D6-822A-8C6D0E3AE5D9}.Debug (no commandargs)|x64.Build.0 = Debug|x64
		{BA2CFEA1-072B-42D6-822A-8C6D0E3AE5D9}.Debug|Any CPU.ActiveCfg = Debug|Any CPU
		{BA2CFEA1-072B-42D6-822A-8C6D0E3AE5D9}.Debug|Any CPU.Build.0 = Debug|Any CPU
		{BA2CFEA1-072B-42D6-822A-8C6D0E3AE5D9}.Debug|x64.ActiveCfg = Debug|x64
		{BA2CFEA1-072B-42D6-822A-8C6D0E3AE5D9}.Debug|x64.Build.0 = Debug|x64
		{BA2CFEA1-072B-42D6-822A-8C6D0E3AE5D9}.Release|Any CPU.ActiveCfg = Release|Any CPU
		{BA2CFEA1-072B-42D6-822A-8C6D0E3AE5D9}.Release|Any CPU.Build.0 = Release|Any CPU
		{BA2CFEA1-072B-42D6-822A-8C6D0E3AE5D9}.Release|x64.ActiveCfg = Release|x64
		{BA2CFEA1-072B-42D6-822A-8C6D0E3AE5D9}.Release|x64.Build.0 = Release|x64
		{5128B489-BC28-4F66-9F0B-B4565AF36CBC}.Debug (no commandargs)|Any CPU.ActiveCfg = Debug|Any CPU
		{5128B489-BC28-4F66-9F0B-B4565AF36CBC}.Debug (no commandargs)|Any CPU.Build.0 = Debug|Any CPU
		{5128B489-BC28-4F66-9F0B-B4565AF36CBC}.Debug (no commandargs)|x64.ActiveCfg = Debug|x64
		{5128B489-BC28-4F66-9F0B-B4565AF36CBC}.Debug (no commandargs)|x64.Build.0 = Debug|x64
		{5128B489-BC28-4F66-9F0B-B4565AF36CBC}.Debug|Any CPU.ActiveCfg = Debug|Any CPU
		{5128B489-BC28-4F66-9F0B-B4565AF36CBC}.Debug|Any CPU.Build.0 = Debug|Any CPU
		{5128B489-BC28-4F66-9F0B-B4565AF36CBC}.Debug|x64.ActiveCfg = Debug|Any CPU
		{5128B489-BC28-4F66-9F0B-B4565AF36CBC}.Debug|x64.Build.0 = Debug|Any CPU
		{5128B489-BC28-4F66-9F0B-B4565AF36CBC}.Release|Any CPU.ActiveCfg = Release|Any CPU
		{5128B489-BC28-4F66-9F0B-B4565AF36CBC}.Release|Any CPU.Build.0 = Release|Any CPU
		{5128B489-BC28-4F66-9F0B-B4565AF36CBC}.Release|x64.ActiveCfg = Release|Any CPU
		{5128B489-BC28-4F66-9F0B-B4565AF36CBC}.Release|x64.Build.0 = Release|Any CPU
		{A2913DFE-18FF-468B-A6C1-55F7C0CC0CE8}.Debug (no commandargs)|Any CPU.ActiveCfg = Debug|Any CPU
		{A2913DFE-18FF-468B-A6C1-55F7C0CC0CE8}.Debug (no commandargs)|Any CPU.Build.0 = Debug|Any CPU
		{A2913DFE-18FF-468B-A6C1-55F7C0CC0CE8}.Debug (no commandargs)|x64.ActiveCfg = Debug|x64
		{A2913DFE-18FF-468B-A6C1-55F7C0CC0CE8}.Debug (no commandargs)|x64.Build.0 = Debug|x64
		{A2913DFE-18FF-468B-A6C1-55F7C0CC0CE8}.Debug|Any CPU.ActiveCfg = Debug|Any CPU
		{A2913DFE-18FF-468B-A6C1-55F7C0CC0CE8}.Debug|Any CPU.Build.0 = Debug|Any CPU
		{A2913DFE-18FF-468B-A6C1-55F7C0CC0CE8}.Debug|x64.ActiveCfg = Debug|Any CPU
		{A2913DFE-18FF-468B-A6C1-55F7C0CC0CE8}.Debug|x64.Build.0 = Debug|Any CPU
		{A2913DFE-18FF-468B-A6C1-55F7C0CC0CE8}.Release|Any CPU.ActiveCfg = Release|Any CPU
		{A2913DFE-18FF-468B-A6C1-55F7C0CC0CE8}.Release|Any CPU.Build.0 = Release|Any CPU
		{A2913DFE-18FF-468B-A6C1-55F7C0CC0CE8}.Release|x64.ActiveCfg = Release|Any CPU
		{A2913DFE-18FF-468B-A6C1-55F7C0CC0CE8}.Release|x64.Build.0 = Release|Any CPU
		{E5A6F0E6-F79E-460D-82E2-E6330ACE06BA}.Debug (no commandargs)|Any CPU.ActiveCfg = Debug|Any CPU
		{E5A6F0E6-F79E-460D-82E2-E6330ACE06BA}.Debug (no commandargs)|Any CPU.Build.0 = Debug|Any CPU
		{E5A6F0E6-F79E-460D-82E2-E6330ACE06BA}.Debug (no commandargs)|x64.ActiveCfg = Debug|x64
		{E5A6F0E6-F79E-460D-82E2-E6330ACE06BA}.Debug (no commandargs)|x64.Build.0 = Debug|x64
		{E5A6F0E6-F79E-460D-82E2-E6330ACE06BA}.Debug|Any CPU.ActiveCfg = Debug|Any CPU
		{E5A6F0E6-F79E-460D-82E2-E6330ACE06BA}.Debug|Any CPU.Build.0 = Debug|Any CPU
		{E5A6F0E6-F79E-460D-82E2-E6330ACE06BA}.Debug|x64.ActiveCfg = Debug|Any CPU
		{E5A6F0E6-F79E-460D-82E2-E6330ACE06BA}.Debug|x64.Build.0 = Debug|Any CPU
		{E5A6F0E6-F79E-460D-82E2-E6330ACE06BA}.Release|Any CPU.ActiveCfg = Debug|Any CPU
		{E5A6F0E6-F79E-460D-82E2-E6330ACE06BA}.Release|Any CPU.Build.0 = Debug|Any CPU
		{E5A6F0E6-F79E-460D-82E2-E6330ACE06BA}.Release|x64.ActiveCfg = Debug|Any CPU
		{E5A6F0E6-F79E-460D-82E2-E6330ACE06BA}.Release|x64.Build.0 = Debug|Any CPU
		{73D0B663-A6FB-4A67-B945-EBB4A234C996}.Debug (no commandargs)|Any CPU.ActiveCfg = Debug|Any CPU
		{73D0B663-A6FB-4A67-B945-EBB4A234C996}.Debug (no commandargs)|Any CPU.Build.0 = Debug|Any CPU
		{73D0B663-A6FB-4A67-B945-EBB4A234C996}.Debug (no commandargs)|x64.ActiveCfg = Debug|x64
		{73D0B663-A6FB-4A67-B945-EBB4A234C996}.Debug (no commandargs)|x64.Build.0 = Debug|x64
		{73D0B663-A6FB-4A67-B945-EBB4A234C996}.Debug|Any CPU.ActiveCfg = Debug|Any CPU
		{73D0B663-A6FB-4A67-B945-EBB4A234C996}.Debug|Any CPU.Build.0 = Debug|Any CPU
		{73D0B663-A6FB-4A67-B945-EBB4A234C996}.Debug|x64.ActiveCfg = Debug|Any CPU
		{73D0B663-A6FB-4A67-B945-EBB4A234C996}.Debug|x64.Build.0 = Debug|Any CPU
		{73D0B663-A6FB-4A67-B945-EBB4A234C996}.Release|Any CPU.ActiveCfg = Release|Any CPU
		{73D0B663-A6FB-4A67-B945-EBB4A234C996}.Release|Any CPU.Build.0 = Release|Any CPU
		{73D0B663-A6FB-4A67-B945-EBB4A234C996}.Release|x64.ActiveCfg = Release|Any CPU
		{73D0B663-A6FB-4A67-B945-EBB4A234C996}.Release|x64.Build.0 = Release|Any CPU
		{A47FFF32-782B-4D9F-8704-C98FB32FA8CC}.Debug (no commandargs)|Any CPU.ActiveCfg = Debug|Any CPU
		{A47FFF32-782B-4D9F-8704-C98FB32FA8CC}.Debug (no commandargs)|Any CPU.Build.0 = Debug|Any CPU
		{A47FFF32-782B-4D9F-8704-C98FB32FA8CC}.Debug (no commandargs)|x64.ActiveCfg = Debug|x64
		{A47FFF32-782B-4D9F-8704-C98FB32FA8CC}.Debug (no commandargs)|x64.Build.0 = Debug|x64
		{A47FFF32-782B-4D9F-8704-C98FB32FA8CC}.Debug|Any CPU.ActiveCfg = Debug|Any CPU
		{A47FFF32-782B-4D9F-8704-C98FB32FA8CC}.Debug|Any CPU.Build.0 = Debug|Any CPU
		{A47FFF32-782B-4D9F-8704-C98FB32FA8CC}.Debug|x64.ActiveCfg = Debug|Any CPU
		{A47FFF32-782B-4D9F-8704-C98FB32FA8CC}.Debug|x64.Build.0 = Debug|Any CPU
		{A47FFF32-782B-4D9F-8704-C98FB32FA8CC}.Release|Any CPU.ActiveCfg = Release|Any CPU
		{A47FFF32-782B-4D9F-8704-C98FB32FA8CC}.Release|Any CPU.Build.0 = Release|Any CPU
		{A47FFF32-782B-4D9F-8704-C98FB32FA8CC}.Release|x64.ActiveCfg = Release|Any CPU
		{A47FFF32-782B-4D9F-8704-C98FB32FA8CC}.Release|x64.Build.0 = Release|Any CPU
		{EB003D18-DFFB-49C7-B054-FB375345AE26}.Debug (no commandargs)|Any CPU.ActiveCfg = Debug|Any CPU
		{EB003D18-DFFB-49C7-B054-FB375345AE26}.Debug (no commandargs)|Any CPU.Build.0 = Debug|Any CPU
		{EB003D18-DFFB-49C7-B054-FB375345AE26}.Debug (no commandargs)|x64.ActiveCfg = Debug|Any CPU
		{EB003D18-DFFB-49C7-B054-FB375345AE26}.Debug (no commandargs)|x64.Build.0 = Debug|Any CPU
		{EB003D18-DFFB-49C7-B054-FB375345AE26}.Debug|Any CPU.ActiveCfg = Debug|Any CPU
		{EB003D18-DFFB-49C7-B054-FB375345AE26}.Debug|Any CPU.Build.0 = Debug|Any CPU
		{EB003D18-DFFB-49C7-B054-FB375345AE26}.Debug|x64.ActiveCfg = Debug|Any CPU
		{EB003D18-DFFB-49C7-B054-FB375345AE26}.Debug|x64.Build.0 = Debug|Any CPU
		{EB003D18-DFFB-49C7-B054-FB375345AE26}.Release|Any CPU.ActiveCfg = Release|Any CPU
		{EB003D18-DFFB-49C7-B054-FB375345AE26}.Release|Any CPU.Build.0 = Release|Any CPU
		{EB003D18-DFFB-49C7-B054-FB375345AE26}.Release|x64.ActiveCfg = Release|Any CPU
		{EB003D18-DFFB-49C7-B054-FB375345AE26}.Release|x64.Build.0 = Release|Any CPU
	EndGlobalSection
	GlobalSection(SolutionProperties) = preSolution
		HideSolutionNode = FALSE
	EndGlobalSection
	GlobalSection(ExtensibilityGlobals) = postSolution
		SolutionGuid = {5CF408D5-8BF2-40C2-907C-694DBACFF01B}
	EndGlobalSection
EndGlobal
