
Microsoft Visual Studio Solution File, Format Version 12.00
# Visual Studio Version 16
VisualStudioVersion = 16.0.29102.190
MinimumVisualStudioVersion = 10.0.40219.1
Project("{FAE04EC0-301F-11D3-BF4B-00C04F79EFBC}") = "Wabbajack.Common", "Wabbajack.Common\Wabbajack.Common.csproj", "{B3F3FB6E-B9EB-4F49-9875-D78578BC7AE5}"
EndProject
Project("{FAE04EC0-301F-11D3-BF4B-00C04F79EFBC}") = "SevenZipExtractor", "SevenZipExtractor\SevenZipExtractor.csproj", "{8AA97F58-5044-4BBA-B8D9-A74B6947A660}"
EndProject
Project("{FAE04EC0-301F-11D3-BF4B-00C04F79EFBC}") = "Wabbajack", "Wabbajack\Wabbajack.csproj", "{33602679-8484-40C7-A10C-774DFF5D8314}"
EndProject
Project("{FAE04EC0-301F-11D3-BF4B-00C04F79EFBC}") = "Compression.BSA", "Compression.BSA\Compression.BSA.csproj", "{FF5D892F-8FF4-44FC-8F7F-CD58F307AD1B}"
EndProject
Project("{FAE04EC0-301F-11D3-BF4B-00C04F79EFBC}") = "Compression.BSA.Test", "Compression.BSA.Test\Compression.BSA.Test.csproj", "{BA2CFEA1-072B-42D6-822A-8C6D0E3AE5D9}"
EndProject
Project("{2150E333-8FDC-42A3-9474-1A3956D46DE8}") = "Solution Items", "Solution Items", "{4EDEF6CC-2F5C-439B-BEAF-9D03895099F1}"
	ProjectSection(SolutionItems) = preProject
		LICENSE.txt = LICENSE.txt
		README.md = README.md
		RECIPES.md = RECIPES.md
	EndProjectSection
EndProject
Global
	GlobalSection(SolutionConfigurationPlatforms) = preSolution
		Debug (no commandargs)|Any CPU = Debug (no commandargs)|Any CPU
		Debug|Any CPU = Debug|Any CPU
		Release|Any CPU = Release|Any CPU
	EndGlobalSection
	GlobalSection(ProjectConfigurationPlatforms) = postSolution
		{B3F3FB6E-B9EB-4F49-9875-D78578BC7AE5}.Debug (no commandargs)|Any CPU.ActiveCfg = Debug|Any CPU
		{B3F3FB6E-B9EB-4F49-9875-D78578BC7AE5}.Debug (no commandargs)|Any CPU.Build.0 = Debug|Any CPU
		{B3F3FB6E-B9EB-4F49-9875-D78578BC7AE5}.Debug|Any CPU.ActiveCfg = Debug|Any CPU
		{B3F3FB6E-B9EB-4F49-9875-D78578BC7AE5}.Debug|Any CPU.Build.0 = Debug|Any CPU
		{B3F3FB6E-B9EB-4F49-9875-D78578BC7AE5}.Release|Any CPU.ActiveCfg = Release|Any CPU
		{B3F3FB6E-B9EB-4F49-9875-D78578BC7AE5}.Release|Any CPU.Build.0 = Release|Any CPU
		{8AA97F58-5044-4BBA-B8D9-A74B6947A660}.Debug (no commandargs)|Any CPU.ActiveCfg = Debug|Any CPU
		{8AA97F58-5044-4BBA-B8D9-A74B6947A660}.Debug (no commandargs)|Any CPU.Build.0 = Debug|Any CPU
		{8AA97F58-5044-4BBA-B8D9-A74B6947A660}.Debug|Any CPU.ActiveCfg = Debug|Any CPU
		{8AA97F58-5044-4BBA-B8D9-A74B6947A660}.Debug|Any CPU.Build.0 = Debug|Any CPU
		{8AA97F58-5044-4BBA-B8D9-A74B6947A660}.Release|Any CPU.ActiveCfg = Release|Any CPU
		{8AA97F58-5044-4BBA-B8D9-A74B6947A660}.Release|Any CPU.Build.0 = Release|Any CPU
		{33602679-8484-40C7-A10C-774DFF5D8314}.Debug (no commandargs)|Any CPU.ActiveCfg = Debug (no commandargs)|Any CPU
		{33602679-8484-40C7-A10C-774DFF5D8314}.Debug (no commandargs)|Any CPU.Build.0 = Debug (no commandargs)|Any CPU
		{33602679-8484-40C7-A10C-774DFF5D8314}.Debug|Any CPU.ActiveCfg = Debug|Any CPU
		{33602679-8484-40C7-A10C-774DFF5D8314}.Debug|Any CPU.Build.0 = Debug|Any CPU
		{33602679-8484-40C7-A10C-774DFF5D8314}.Release|Any CPU.ActiveCfg = Release|Any CPU
		{33602679-8484-40C7-A10C-774DFF5D8314}.Release|Any CPU.Build.0 = Release|Any CPU
		{FF5D892F-8FF4-44FC-8F7F-CD58F307AD1B}.Debug (no commandargs)|Any CPU.ActiveCfg = Debug|Any CPU
		{FF5D892F-8FF4-44FC-8F7F-CD58F307AD1B}.Debug (no commandargs)|Any CPU.Build.0 = Debug|Any CPU
		{FF5D892F-8FF4-44FC-8F7F-CD58F307AD1B}.Debug|Any CPU.ActiveCfg = Debug|Any CPU
		{FF5D892F-8FF4-44FC-8F7F-CD58F307AD1B}.Debug|Any CPU.Build.0 = Debug|Any CPU
		{FF5D892F-8FF4-44FC-8F7F-CD58F307AD1B}.Release|Any CPU.ActiveCfg = Release|Any CPU
		{FF5D892F-8FF4-44FC-8F7F-CD58F307AD1B}.Release|Any CPU.Build.0 = Release|Any CPU
		{BA2CFEA1-072B-42D6-822A-8C6D0E3AE5D9}.Debug (no commandargs)|Any CPU.ActiveCfg = Debug|Any CPU
		{BA2CFEA1-072B-42D6-822A-8C6D0E3AE5D9}.Debug (no commandargs)|Any CPU.Build.0 = Debug|Any CPU
		{BA2CFEA1-072B-42D6-822A-8C6D0E3AE5D9}.Debug|Any CPU.ActiveCfg = Debug|Any CPU
		{BA2CFEA1-072B-42D6-822A-8C6D0E3AE5D9}.Debug|Any CPU.Build.0 = Debug|Any CPU
		{BA2CFEA1-072B-42D6-822A-8C6D0E3AE5D9}.Release|Any CPU.ActiveCfg = Release|Any CPU
		{BA2CFEA1-072B-42D6-822A-8C6D0E3AE5D9}.Release|Any CPU.Build.0 = Release|Any CPU
	EndGlobalSection
	GlobalSection(SolutionProperties) = preSolution
		HideSolutionNode = FALSE
	EndGlobalSection
	GlobalSection(ExtensibilityGlobals) = postSolution
		SolutionGuid = {5CF408D5-8BF2-40C2-907C-694DBACFF01B}
	EndGlobalSection
EndGlobal
